<?xml version="1.0" encoding="utf-8"?>
<Project ToolsVersion="4.0" xmlns="http://schemas.microsoft.com/developer/msbuild/2003">
  <ItemGroup>
    <Filter Include="inc">
      <UniqueIdentifier>{93995380-89BD-4b04-88EB-625FBE52EBFB}</UniqueIdentifier>
      <Extensions>h;hh;hpp;hxx;h++;hm;inl;inc;ipp;xsd</Extensions>
    </Filter>
    <Filter Include="src">
      <UniqueIdentifier>{4FC737F1-C7A5-4376-A066-2A32D752A2FF}</UniqueIdentifier>
      <Extensions>cpp;c;cc;cxx;c++;def;odl;idl;hpj;bat;asm;asmx</Extensions>
    </Filter>
    <Filter Include="vcpkg_scripts">
      <UniqueIdentifier>{2e9304bf-d336-4a17-b008-b6aeacc0770b}</UniqueIdentifier>
    </Filter>
    <Filter Include="src\Window">
      <UniqueIdentifier>{9172fe3e-970e-4380-a793-7f81ed53221b}</UniqueIdentifier>
    </Filter>
    <Filter Include="src\Objects">
      <UniqueIdentifier>{3d7dd7f3-2a8e-462d-8928-c8a057522211}</UniqueIdentifier>
    </Filter>
    <Filter Include="src\Objects\Models">
      <UniqueIdentifier>{8bf49805-4cfd-40ff-b542-a00f6b524d11}</UniqueIdentifier>
    </Filter>
    <Filter Include="inc\internal">
      <UniqueIdentifier>{f9ea9e25-94dc-4281-97ef-fe2c14826d64}</UniqueIdentifier>
    </Filter>
    <Filter Include="inc\Objects">
      <UniqueIdentifier>{7fe84c3e-7ee5-4e8f-a770-f624ee3a9dfb}</UniqueIdentifier>
    </Filter>
    <Filter Include="inc\Objects\Models">
      <UniqueIdentifier>{9d8398b3-26dc-4d5f-9d23-f8605a965410}</UniqueIdentifier>
    </Filter>
    <Filter Include="glsl">
      <UniqueIdentifier>{72b66689-06ab-4d59-8848-6c86a0368b65}</UniqueIdentifier>
    </Filter>
  </ItemGroup>
  <ItemGroup>
    <None Include="DownloadVcpkgScripts.ps1" />
    <None Include="CONTROL" />
    <None Include="vcpkg_scripts\Install.ps1">
      <Filter>vcpkg_scripts</Filter>
    </None>
    <None Include="vcpkg_scripts\Remove.ps1">
      <Filter>vcpkg_scripts</Filter>
    </None>
    <None Include="Doxyfile" />
    <None Include="glsl\line.frag">
      <Filter>glsl</Filter>
    </None>
    <None Include="glsl\line.vert">
      <Filter>glsl</Filter>
    </None>
  </ItemGroup>
  <ItemGroup>
    <ClCompile Include="src\Window\Window.cpp">
      <Filter>src\Window</Filter>
    </ClCompile>
    <ClCompile Include="src\Window\handle_objects.cpp">
      <Filter>src\Window</Filter>
    </ClCompile>
    <ClCompile Include="src\Window\draw_frame.cpp">
      <Filter>src\Window</Filter>
    </ClCompile>
    <ClCompile Include="src\Window\Context.cpp">
      <Filter>src\Window</Filter>
    </ClCompile>
    <ClCompile Include="src\Objects\Camera.cpp">
      <Filter>src\Objects</Filter>
    </ClCompile>
    <ClCompile Include="src\Objects\Shaders.cpp">
      <Filter>src\Objects</Filter>
    </ClCompile>
    <ClCompile Include="src\Objects\Texture.cpp">
      <Filter>src\Objects</Filter>
    </ClCompile>
    <ClCompile Include="src\Objects\Models\Plane.cpp">
      <Filter>src\Objects\Models</Filter>
    </ClCompile>
    <ClCompile Include="src\Objects\Models\PlaneRenderer.cpp">
      <Filter>src\Objects\Models</Filter>
    </ClCompile>
    <ClCompile Include="src\Window\preset_shaders.cpp">
      <Filter>src\Window</Filter>
    </ClCompile>
    <ClCompile Include="src\Objects\Basic.cpp">
      <Filter>src\Objects</Filter>
    </ClCompile>
    <ClCompile Include="src\Window\pollEverything.cpp">
      <Filter>src\Window</Filter>
    </ClCompile>
    <ClCompile Include="src\Objects\Models\Line.cpp">
      <Filter>src\Objects\Models</Filter>
    </ClCompile>
    <ClCompile Include="src\Objects\Models\LineRenderer.cpp">
      <Filter>src\Objects\Models</Filter>
    </ClCompile>
    <ClCompile Include="src\DemoMain.cpp">
      <Filter>src</Filter>
    </ClCompile>
    <ClCompile Include="src\Window\callbacks.cpp">
      <Filter>src\Window</Filter>
    </ClCompile>
  </ItemGroup>
  <ItemGroup>
    <ClInclude Include="inc\SSS\GL\Window.hpp">
      <Filter>inc</Filter>
    </ClInclude>
    <ClInclude Include="inc\SSS\GL.hpp">
      <Filter>inc</Filter>
    </ClInclude>
    <ClInclude Include="inc\SSS\GL\internal\includes.hpp">
      <Filter>inc\internal</Filter>
    </ClInclude>
    <ClInclude Include="inc\SSS\GL\Objects\Camera.hpp">
      <Filter>inc\Objects</Filter>
    </ClInclude>
    <ClInclude Include="inc\SSS\GL\Objects\Model.hpp">
      <Filter>inc\Objects</Filter>
    </ClInclude>
    <ClInclude Include="inc\SSS\GL\Objects\Shaders.hpp">
      <Filter>inc\Objects</Filter>
    </ClInclude>
    <ClInclude Include="inc\SSS\GL\Objects\Texture.hpp">
      <Filter>inc\Objects</Filter>
    </ClInclude>
    <ClInclude Include="inc\SSS\GL\Objects\Renderer.hpp">
      <Filter>inc\Objects</Filter>
    </ClInclude>
    <ClInclude Include="inc\SSS\GL\Objects\Models\Plane.hpp">
      <Filter>inc\Objects\Models</Filter>
    </ClInclude>
    <ClInclude Include="inc\SSS\GL\Objects\Models\PlaneRenderer.hpp">
      <Filter>inc\Objects\Models</Filter>
    </ClInclude>
    <ClInclude Include="inc\SSS\GL\Objects\Basic.hpp">
      <Filter>inc\Objects</Filter>
    </ClInclude>
    <ClInclude Include="inc\SSS\GL\Objects\Models\LineRenderer.hpp">
      <Filter>inc\Objects\Models</Filter>
    </ClInclude>
    <ClInclude Include="inc\SSS\GL\Objects\Models\Line.hpp">
      <Filter>inc\Objects\Models</Filter>
    </ClInclude>
  </ItemGroup>
</Project>